
Microsoft Visual Studio Solution File, Format Version 12.00
# Visual Studio Version 17
VisualStudioVersion = 17.10.34902.84
MinimumVisualStudioVersion = 10.0.40219.1
Project("{FAE04EC0-301F-11D3-BF4B-00C04F79EFBC}") = "Books2Project", "Books2Project\Books2Project.csproj", "{1302D76E-3FC0-4B83-ACC9-5E5D1C103DC1}"
EndProject
Global
	GlobalSection(SolutionConfigurationPlatforms) = preSolution
		Debug|Any CPU = Debug|Any CPU
		Release|Any CPU = Release|Any CPU
	EndGlobalSection
	GlobalSection(ProjectConfigurationPlatforms) = postSolution
		{1302D76E-3FC0-4B83-ACC9-5E5D1C103DC1}.Debug|Any CPU.ActiveCfg = Debug|Any CPU
		{1302D76E-3FC0-4B83-ACC9-5E5D1C103DC1}.Debug|Any CPU.Build.0 = Debug|Any CPU
		{1302D76E-3FC0-4B83-ACC9-5E5D1C103DC1}.Release|Any CPU.ActiveCfg = Release|Any CPU
		{1302D76E-3FC0-4B83-ACC9-5E5D1C103DC1}.Release|Any CPU.Build.0 = Release|Any CPU
	EndGlobalSection
	GlobalSection(SolutionProperties) = preSolution
		HideSolutionNode = FALSE
	EndGlobalSection
	GlobalSection(ExtensibilityGlobals) = postSolution
		SolutionGuid = {87E2E26D-49E2-4AE0-9EF9-B5F7FBEA7F61}
	EndGlobalSection
EndGlobal
